
Microsoft Visual Studio Solution File, Format Version 12.00
# Visual Studio 2012
Project("{FAE04EC0-301F-11D3-BF4B-00C04F79EFBC}") = "Winform", "Winform\Winform.csproj", "{97265D1C-5058-4DEA-B9BC-904D87B63B8B}"
EndProject
Project("{FAE04EC0-301F-11D3-BF4B-00C04F79EFBC}") = "WebForm", "WebForm\WebForm.csproj", "{C775E4B5-B739-41DC-8163-8C83CC88B15A}"
EndProject
Project("{FAE04EC0-301F-11D3-BF4B-00C04F79EFBC}") = "ClassLibrary", "ClassLibrary\ClassLibrary.csproj", "{EBA0F15F-146C-4231-A1E6-F46161ADB939}"
EndProject
Project("{FAE04EC0-301F-11D3-BF4B-00C04F79EFBC}") = "设计模式", "设计模式\设计模式.csproj", "{D2DB67FE-2571-4D5D-8F55-325472806241}"
EndProject
Project("{2150E333-8FDC-42A3-9474-1A3956D46DE8}") = "三层架构", "三层架构", "{9289E951-2E3D-4B12-9C79-92D2CDAC0082}"
EndProject
Project("{FAE04EC0-301F-11D3-BF4B-00C04F79EFBC}") = "Study.BLL", "BILL\Study.BLL.csproj", "{97C09D35-23C1-43D6-96C0-CCF05326098D}"
EndProject
Project("{FAE04EC0-301F-11D3-BF4B-00C04F79EFBC}") = "Study.SQLServerDAL", "DAL\Study.SQLServerDAL.csproj", "{3A848424-4B42-45DB-B654-A5459C84AA17}"
EndProject
Project("{FAE04EC0-301F-11D3-BF4B-00C04F79EFBC}") = "Study.FactoryDAL", "FactoryDAL\Study.FactoryDAL.csproj", "{71703737-5FDB-4A57-92FC-788AB36C115A}"
EndProject
Project("{FAE04EC0-301F-11D3-BF4B-00C04F79EFBC}") = "Study.IDAL", "IDAL\Study.IDAL.csproj", "{9058CB5E-EA27-45CD-9CD9-1A5A0B7E0A89}"
EndProject
Project("{FAE04EC0-301F-11D3-BF4B-00C04F79EFBC}") = "Study.Model", "Model\Study.Model.csproj", "{2FE67A1B-6AAA-4474-8D4B-D7B592A288B1}"
EndProject
Project("{FAE04EC0-301F-11D3-BF4B-00C04F79EFBC}") = "MVC", "MVC\MVC.csproj", "{C0E82438-4C15-41AC-9141-E8CBA3C78A2B}"
EndProject
Project("{FAE04EC0-301F-11D3-BF4B-00C04F79EFBC}") = "View", "View\View.csproj", "{F4D3D2A9-EAC8-443C-9144-3A8F17DA0AB5}"
EndProject
Project("{FAE04EC0-301F-11D3-BF4B-00C04F79EFBC}") = "收集的好用的类", "收集的好用的类\收集的好用的类.csproj", "{E4BD836C-E3C2-424C-BCB8-3BE40321A472}"
EndProject
Project("{2150E333-8FDC-42A3-9474-1A3956D46DE8}") = "Solution Items", "Solution Items", "{9B18625A-9F92-48F8-8644-AF045F051705}"
	ProjectSection(SolutionItems) = preProject
		csharp学习记录.txt = csharp学习记录.txt
	EndProjectSection
EndProject
Project("{2150E333-8FDC-42A3-9474-1A3956D46DE8}") = "WCF", "WCF", "{0FF269EB-5827-4A61-8C50-91BA08757202}"
EndProject
Project("{FAE04EC0-301F-11D3-BF4B-00C04F79EFBC}") = "WcfServiceLibrary1", "WcfServiceLibrary1\WcfServiceLibrary1.csproj", "{15B3E0D2-6217-493A-A690-158C497F5318}"
EndProject
Project("{FAE04EC0-301F-11D3-BF4B-00C04F79EFBC}") = "WcfServiceConsoleClient", "WcfServiceConsoleClient\WcfServiceConsoleClient.csproj", "{281EE713-ACA1-47E3-B102-0B5C37CD125D}"
	ProjectSection(ProjectDependencies) = postProject
		{FE4E8EAD-9086-4D47-98DF-05EC6EA507DA} = {FE4E8EAD-9086-4D47-98DF-05EC6EA507DA}
	EndProjectSection
EndProject
Project("{FAE04EC0-301F-11D3-BF4B-00C04F79EFBC}") = "WcfServiceWinformClient", "WcfServiceWinformClient\WcfServiceWinformClient.csproj", "{3FB987C9-1C0C-4F37-B8D2-83B5FB2190FE}"
EndProject
Project("{FAE04EC0-301F-11D3-BF4B-00C04F79EFBC}") = "WcfServiceWinformHost", "WcfServiceWinformHost\WcfServiceWinformHost.csproj", "{574FDB7D-0011-4B44-88AD-6A45C0CABAA2}"
EndProject
Project("{FAE04EC0-301F-11D3-BF4B-00C04F79EFBC}") = "WcfServiceWebHost", "WcfServiceWebHost\WcfServiceWebHost.csproj", "{FE4E8EAD-9086-4D47-98DF-05EC6EA507DA}"
EndProject
Project("{FAE04EC0-301F-11D3-BF4B-00C04F79EFBC}") = "WcfServiceConsoleHost", "WcfServiceConsoleHost\WcfServiceConsoleHost.csproj", "{83DB0B5E-D757-4889-9E1B-B3714B039B09}"
EndProject
Project("{2150E333-8FDC-42A3-9474-1A3956D46DE8}") = "自定义界面和控件", "自定义界面和控件", "{95170592-0EBA-4B8E-86E9-392ED23581F2}"
EndProject
Project("{FAE04EC0-301F-11D3-BF4B-00C04F79EFBC}") = "MyStyle", "MyStyle\MyStyle.csproj", "{5DA7B878-45D3-454C-8E03-ACC166D8222A}"
EndProject
Project("{FAE04EC0-301F-11D3-BF4B-00C04F79EFBC}") = "Winform用第三方控件开发一个软件", "Winform用第三方控件开发一个软件\Winform用第三方控件开发一个软件.csproj", "{CE2EDAEB-3752-4CCE-80E8-021A32C2818E}"
EndProject
Project("{FAE04EC0-301F-11D3-BF4B-00C04F79EFBC}") = "OutLookBar", "OutLookBar\OutLookBar.csproj", "{29D877A2-77C6-47F7-AE77-C92EE85930B6}"
EndProject
Global
	GlobalSection(SolutionConfigurationPlatforms) = preSolution
		Debug|Any CPU = Debug|Any CPU
		Release|Any CPU = Release|Any CPU
	EndGlobalSection
	GlobalSection(ProjectConfigurationPlatforms) = postSolution
		{97265D1C-5058-4DEA-B9BC-904D87B63B8B}.Debug|Any CPU.ActiveCfg = Debug|Any CPU
		{97265D1C-5058-4DEA-B9BC-904D87B63B8B}.Debug|Any CPU.Build.0 = Debug|Any CPU
		{97265D1C-5058-4DEA-B9BC-904D87B63B8B}.Release|Any CPU.ActiveCfg = Release|Any CPU
		{97265D1C-5058-4DEA-B9BC-904D87B63B8B}.Release|Any CPU.Build.0 = Release|Any CPU
		{C775E4B5-B739-41DC-8163-8C83CC88B15A}.Debug|Any CPU.ActiveCfg = Debug|Any CPU
		{C775E4B5-B739-41DC-8163-8C83CC88B15A}.Debug|Any CPU.Build.0 = Debug|Any CPU
		{C775E4B5-B739-41DC-8163-8C83CC88B15A}.Release|Any CPU.ActiveCfg = Release|Any CPU
		{C775E4B5-B739-41DC-8163-8C83CC88B15A}.Release|Any CPU.Build.0 = Release|Any CPU
		{EBA0F15F-146C-4231-A1E6-F46161ADB939}.Debug|Any CPU.ActiveCfg = Debug|Any CPU
		{EBA0F15F-146C-4231-A1E6-F46161ADB939}.Debug|Any CPU.Build.0 = Debug|Any CPU
		{EBA0F15F-146C-4231-A1E6-F46161ADB939}.Release|Any CPU.ActiveCfg = Release|Any CPU
		{EBA0F15F-146C-4231-A1E6-F46161ADB939}.Release|Any CPU.Build.0 = Release|Any CPU
		{D2DB67FE-2571-4D5D-8F55-325472806241}.Debug|Any CPU.ActiveCfg = Debug|Any CPU
		{D2DB67FE-2571-4D5D-8F55-325472806241}.Debug|Any CPU.Build.0 = Debug|Any CPU
		{D2DB67FE-2571-4D5D-8F55-325472806241}.Release|Any CPU.ActiveCfg = Release|Any CPU
		{D2DB67FE-2571-4D5D-8F55-325472806241}.Release|Any CPU.Build.0 = Release|Any CPU
		{97C09D35-23C1-43D6-96C0-CCF05326098D}.Debug|Any CPU.ActiveCfg = Debug|Any CPU
		{97C09D35-23C1-43D6-96C0-CCF05326098D}.Debug|Any CPU.Build.0 = Debug|Any CPU
		{97C09D35-23C1-43D6-96C0-CCF05326098D}.Release|Any CPU.ActiveCfg = Release|Any CPU
		{97C09D35-23C1-43D6-96C0-CCF05326098D}.Release|Any CPU.Build.0 = Release|Any CPU
		{3A848424-4B42-45DB-B654-A5459C84AA17}.Debug|Any CPU.ActiveCfg = Debug|Any CPU
		{3A848424-4B42-45DB-B654-A5459C84AA17}.Debug|Any CPU.Build.0 = Debug|Any CPU
		{3A848424-4B42-45DB-B654-A5459C84AA17}.Release|Any CPU.ActiveCfg = Release|Any CPU
		{3A848424-4B42-45DB-B654-A5459C84AA17}.Release|Any CPU.Build.0 = Release|Any CPU
		{71703737-5FDB-4A57-92FC-788AB36C115A}.Debug|Any CPU.ActiveCfg = Debug|Any CPU
		{71703737-5FDB-4A57-92FC-788AB36C115A}.Debug|Any CPU.Build.0 = Debug|Any CPU
		{71703737-5FDB-4A57-92FC-788AB36C115A}.Release|Any CPU.ActiveCfg = Release|Any CPU
		{71703737-5FDB-4A57-92FC-788AB36C115A}.Release|Any CPU.Build.0 = Release|Any CPU
		{9058CB5E-EA27-45CD-9CD9-1A5A0B7E0A89}.Debug|Any CPU.ActiveCfg = Debug|Any CPU
		{9058CB5E-EA27-45CD-9CD9-1A5A0B7E0A89}.Debug|Any CPU.Build.0 = Debug|Any CPU
		{9058CB5E-EA27-45CD-9CD9-1A5A0B7E0A89}.Release|Any CPU.ActiveCfg = Release|Any CPU
		{9058CB5E-EA27-45CD-9CD9-1A5A0B7E0A89}.Release|Any CPU.Build.0 = Release|Any CPU
		{2FE67A1B-6AAA-4474-8D4B-D7B592A288B1}.Debug|Any CPU.ActiveCfg = Debug|Any CPU
		{2FE67A1B-6AAA-4474-8D4B-D7B592A288B1}.Debug|Any CPU.Build.0 = Debug|Any CPU
		{2FE67A1B-6AAA-4474-8D4B-D7B592A288B1}.Release|Any CPU.ActiveCfg = Release|Any CPU
		{2FE67A1B-6AAA-4474-8D4B-D7B592A288B1}.Release|Any CPU.Build.0 = Release|Any CPU
		{C0E82438-4C15-41AC-9141-E8CBA3C78A2B}.Debug|Any CPU.ActiveCfg = Debug|Any CPU
		{C0E82438-4C15-41AC-9141-E8CBA3C78A2B}.Debug|Any CPU.Build.0 = Debug|Any CPU
		{C0E82438-4C15-41AC-9141-E8CBA3C78A2B}.Release|Any CPU.ActiveCfg = Release|Any CPU
		{C0E82438-4C15-41AC-9141-E8CBA3C78A2B}.Release|Any CPU.Build.0 = Release|Any CPU
		{F4D3D2A9-EAC8-443C-9144-3A8F17DA0AB5}.Debug|Any CPU.ActiveCfg = Debug|Any CPU
		{F4D3D2A9-EAC8-443C-9144-3A8F17DA0AB5}.Debug|Any CPU.Build.0 = Debug|Any CPU
		{F4D3D2A9-EAC8-443C-9144-3A8F17DA0AB5}.Release|Any CPU.ActiveCfg = Release|Any CPU
		{F4D3D2A9-EAC8-443C-9144-3A8F17DA0AB5}.Release|Any CPU.Build.0 = Release|Any CPU
		{E4BD836C-E3C2-424C-BCB8-3BE40321A472}.Debug|Any CPU.ActiveCfg = Debug|Any CPU
		{E4BD836C-E3C2-424C-BCB8-3BE40321A472}.Debug|Any CPU.Build.0 = Debug|Any CPU
		{E4BD836C-E3C2-424C-BCB8-3BE40321A472}.Release|Any CPU.ActiveCfg = Release|Any CPU
		{E4BD836C-E3C2-424C-BCB8-3BE40321A472}.Release|Any CPU.Build.0 = Release|Any CPU
		{15B3E0D2-6217-493A-A690-158C497F5318}.Debug|Any CPU.ActiveCfg = Debug|Any CPU
		{15B3E0D2-6217-493A-A690-158C497F5318}.Debug|Any CPU.Build.0 = Debug|Any CPU
		{15B3E0D2-6217-493A-A690-158C497F5318}.Release|Any CPU.ActiveCfg = Release|Any CPU
		{15B3E0D2-6217-493A-A690-158C497F5318}.Release|Any CPU.Build.0 = Release|Any CPU
		{281EE713-ACA1-47E3-B102-0B5C37CD125D}.Debug|Any CPU.ActiveCfg = Debug|Any CPU
		{281EE713-ACA1-47E3-B102-0B5C37CD125D}.Debug|Any CPU.Build.0 = Debug|Any CPU
		{281EE713-ACA1-47E3-B102-0B5C37CD125D}.Release|Any CPU.ActiveCfg = Release|Any CPU
		{281EE713-ACA1-47E3-B102-0B5C37CD125D}.Release|Any CPU.Build.0 = Release|Any CPU
		{3FB987C9-1C0C-4F37-B8D2-83B5FB2190FE}.Debug|Any CPU.ActiveCfg = Debug|Any CPU
		{3FB987C9-1C0C-4F37-B8D2-83B5FB2190FE}.Debug|Any CPU.Build.0 = Debug|Any CPU
		{3FB987C9-1C0C-4F37-B8D2-83B5FB2190FE}.Release|Any CPU.ActiveCfg = Release|Any CPU
		{3FB987C9-1C0C-4F37-B8D2-83B5FB2190FE}.Release|Any CPU.Build.0 = Release|Any CPU
		{574FDB7D-0011-4B44-88AD-6A45C0CABAA2}.Debug|Any CPU.ActiveCfg = Debug|Any CPU
		{574FDB7D-0011-4B44-88AD-6A45C0CABAA2}.Debug|Any CPU.Build.0 = Debug|Any CPU
		{574FDB7D-0011-4B44-88AD-6A45C0CABAA2}.Release|Any CPU.ActiveCfg = Release|Any CPU
		{574FDB7D-0011-4B44-88AD-6A45C0CABAA2}.Release|Any CPU.Build.0 = Release|Any CPU
		{FE4E8EAD-9086-4D47-98DF-05EC6EA507DA}.Debug|Any CPU.ActiveCfg = Debug|Any CPU
		{FE4E8EAD-9086-4D47-98DF-05EC6EA507DA}.Debug|Any CPU.Build.0 = Debug|Any CPU
		{FE4E8EAD-9086-4D47-98DF-05EC6EA507DA}.Release|Any CPU.ActiveCfg = Release|Any CPU
		{FE4E8EAD-9086-4D47-98DF-05EC6EA507DA}.Release|Any CPU.Build.0 = Release|Any CPU
		{83DB0B5E-D757-4889-9E1B-B3714B039B09}.Debug|Any CPU.ActiveCfg = Debug|Any CPU
		{83DB0B5E-D757-4889-9E1B-B3714B039B09}.Debug|Any CPU.Build.0 = Debug|Any CPU
		{83DB0B5E-D757-4889-9E1B-B3714B039B09}.Release|Any CPU.ActiveCfg = Release|Any CPU
		{83DB0B5E-D757-4889-9E1B-B3714B039B09}.Release|Any CPU.Build.0 = Release|Any CPU
		{5DA7B878-45D3-454C-8E03-ACC166D8222A}.Debug|Any CPU.ActiveCfg = Debug|Any CPU
		{5DA7B878-45D3-454C-8E03-ACC166D8222A}.Debug|Any CPU.Build.0 = Debug|Any CPU
		{5DA7B878-45D3-454C-8E03-ACC166D8222A}.Release|Any CPU.ActiveCfg = Release|Any CPU
		{5DA7B878-45D3-454C-8E03-ACC166D8222A}.Release|Any CPU.Build.0 = Release|Any CPU
		{CE2EDAEB-3752-4CCE-80E8-021A32C2818E}.Debug|Any CPU.ActiveCfg = Debug|Any CPU
		{CE2EDAEB-3752-4CCE-80E8-021A32C2818E}.Debug|Any CPU.Build.0 = Debug|Any CPU
		{CE2EDAEB-3752-4CCE-80E8-021A32C2818E}.Release|Any CPU.ActiveCfg = Release|Any CPU
		{CE2EDAEB-3752-4CCE-80E8-021A32C2818E}.Release|Any CPU.Build.0 = Release|Any CPU
		{29D877A2-77C6-47F7-AE77-C92EE85930B6}.Debug|Any CPU.ActiveCfg = Debug|Any CPU
		{29D877A2-77C6-47F7-AE77-C92EE85930B6}.Debug|Any CPU.Build.0 = Debug|Any CPU
		{29D877A2-77C6-47F7-AE77-C92EE85930B6}.Release|Any CPU.ActiveCfg = Release|Any CPU
		{29D877A2-77C6-47F7-AE77-C92EE85930B6}.Release|Any CPU.Build.0 = Release|Any CPU
	EndGlobalSection
	GlobalSection(SolutionProperties) = preSolution
		HideSolutionNode = FALSE
	EndGlobalSection
	GlobalSection(NestedProjects) = preSolution
		{97C09D35-23C1-43D6-96C0-CCF05326098D} = {9289E951-2E3D-4B12-9C79-92D2CDAC0082}
		{3A848424-4B42-45DB-B654-A5459C84AA17} = {9289E951-2E3D-4B12-9C79-92D2CDAC0082}
		{71703737-5FDB-4A57-92FC-788AB36C115A} = {9289E951-2E3D-4B12-9C79-92D2CDAC0082}
		{9058CB5E-EA27-45CD-9CD9-1A5A0B7E0A89} = {9289E951-2E3D-4B12-9C79-92D2CDAC0082}
		{2FE67A1B-6AAA-4474-8D4B-D7B592A288B1} = {9289E951-2E3D-4B12-9C79-92D2CDAC0082}
		{F4D3D2A9-EAC8-443C-9144-3A8F17DA0AB5} = {9289E951-2E3D-4B12-9C79-92D2CDAC0082}
		{15B3E0D2-6217-493A-A690-158C497F5318} = {0FF269EB-5827-4A61-8C50-91BA08757202}
		{281EE713-ACA1-47E3-B102-0B5C37CD125D} = {0FF269EB-5827-4A61-8C50-91BA08757202}
		{3FB987C9-1C0C-4F37-B8D2-83B5FB2190FE} = {0FF269EB-5827-4A61-8C50-91BA08757202}
		{574FDB7D-0011-4B44-88AD-6A45C0CABAA2} = {0FF269EB-5827-4A61-8C50-91BA08757202}
		{FE4E8EAD-9086-4D47-98DF-05EC6EA507DA} = {0FF269EB-5827-4A61-8C50-91BA08757202}
		{83DB0B5E-D757-4889-9E1B-B3714B039B09} = {0FF269EB-5827-4A61-8C50-91BA08757202}
		{5DA7B878-45D3-454C-8E03-ACC166D8222A} = {95170592-0EBA-4B8E-86E9-392ED23581F2}
	EndGlobalSection
EndGlobal
